
Microsoft Visual Studio Solution File, Format Version 12.00
# Visual Studio Version 17
VisualStudioVersion = 17.0.32014.148
MinimumVisualStudioVersion = 10.0.40219.1
Project("{9A19103F-16F7-4668-BE54-9A1E7A4F7556}") = "Function", "Function\Function.csproj", "{2C89EFC9-D74F-4D40-99DE-2814A319C549}"
EndProject
Project("{9A19103F-16F7-4668-BE54-9A1E7A4F7556}") = "Services", "Services\Services.csproj", "{B903C938-BEF5-4297-AFFC-C02643AF17C5}"
EndProject
Project("{9A19103F-16F7-4668-BE54-9A1E7A4F7556}") = "Repository", "Repository\Repository.csproj", "{598B8BD1-7AA4-4961-AECA-2E1C18339B8F}"
EndProject
Global
	GlobalSection(SolutionConfigurationPlatforms) = preSolution
		Debug|Any CPU = Debug|Any CPU
		Release|Any CPU = Release|Any CPU
	EndGlobalSection
	GlobalSection(ProjectConfigurationPlatforms) = postSolution
		{2C89EFC9-D74F-4D40-99DE-2814A319C549}.Debug|Any CPU.ActiveCfg = Debug|Any CPU
		{2C89EFC9-D74F-4D40-99DE-2814A319C549}.Debug|Any CPU.Build.0 = Debug|Any CPU
		{2C89EFC9-D74F-4D40-99DE-2814A319C549}.Release|Any CPU.ActiveCfg = Release|Any CPU
		{2C89EFC9-D74F-4D40-99DE-2814A319C549}.Release|Any CPU.Build.0 = Release|Any CPU
		{B903C938-BEF5-4297-AFFC-C02643AF17C5}.Debug|Any CPU.ActiveCfg = Debug|Any CPU
		{B903C938-BEF5-4297-AFFC-C02643AF17C5}.Debug|Any CPU.Build.0 = Debug|Any CPU
		{B903C938-BEF5-4297-AFFC-C02643AF17C5}.Release|Any CPU.ActiveCfg = Release|Any CPU
		{B903C938-BEF5-4297-AFFC-C02643AF17C5}.Release|Any CPU.Build.0 = Release|Any CPU
		{598B8BD1-7AA4-4961-AECA-2E1C18339B8F}.Debug|Any CPU.ActiveCfg = Debug|Any CPU
		{598B8BD1-7AA4-4961-AECA-2E1C18339B8F}.Debug|Any CPU.Build.0 = Debug|Any CPU
		{598B8BD1-7AA4-4961-AECA-2E1C18339B8F}.Release|Any CPU.ActiveCfg = Release|Any CPU
		{598B8BD1-7AA4-4961-AECA-2E1C18339B8F}.Release|Any CPU.Build.0 = Release|Any CPU
	EndGlobalSection
	GlobalSection(SolutionProperties) = preSolution
		HideSolutionNode = FALSE
	EndGlobalSection
	GlobalSection(ExtensibilityGlobals) = postSolution
		SolutionGuid = {AF642FCD-B65D-41DA-B5F1-F56452516E90}
	EndGlobalSection
EndGlobal
